
Microsoft Visual Studio Solution File, Format Version 12.00
# Visual Studio Version 17
VisualStudioVersion = 17.11.35222.181
MinimumVisualStudioVersion = 10.0.40219.1
Project("{9A19103F-16F7-4668-BE54-9A1E7A4F7556}") = "CloneWeb", "CloneWeb\CloneWeb.csproj", "{EFA58C4D-F768-445E-A454-D0DE8699E2DB}"
EndProject
Project("{9A19103F-16F7-4668-BE54-9A1E7A4F7556}") = "Buoi5", "Buoi5\Buoi5.csproj", "{EF28C73C-6671-4F31-A595-07BACACA5601}"
EndProject
Project("{9A19103F-16F7-4668-BE54-9A1E7A4F7556}") = "Buoi3", "Buoi3\Buoi3.csproj", "{084611EF-7F4A-4B2D-90BB-34083FF719F5}"
EndProject
Project("{FAE04EC0-301F-11D3-BF4B-00C04F79EFBC}") = "Buoi6", "Buoi6\Buoi6.csproj", "{08C7B3E3-C548-4C2C-B6F2-37A70AC485EF}"
EndProject
Global
	GlobalSection(SolutionConfigurationPlatforms) = preSolution
		Debug|Any CPU = Debug|Any CPU
		Release|Any CPU = Release|Any CPU
	EndGlobalSection
	GlobalSection(ProjectConfigurationPlatforms) = postSolution
		{EFA58C4D-F768-445E-A454-D0DE8699E2DB}.Debug|Any CPU.ActiveCfg = Debug|Any CPU
		{EFA58C4D-F768-445E-A454-D0DE8699E2DB}.Debug|Any CPU.Build.0 = Debug|Any CPU
		{EFA58C4D-F768-445E-A454-D0DE8699E2DB}.Release|Any CPU.ActiveCfg = Release|Any CPU
		{EFA58C4D-F768-445E-A454-D0DE8699E2DB}.Release|Any CPU.Build.0 = Release|Any CPU
		{EF28C73C-6671-4F31-A595-07BACACA5601}.Debug|Any CPU.ActiveCfg = Debug|Any CPU
		{EF28C73C-6671-4F31-A595-07BACACA5601}.Debug|Any CPU.Build.0 = Debug|Any CPU
		{EF28C73C-6671-4F31-A595-07BACACA5601}.Release|Any CPU.ActiveCfg = Release|Any CPU
		{EF28C73C-6671-4F31-A595-07BACACA5601}.Release|Any CPU.Build.0 = Release|Any CPU
		{084611EF-7F4A-4B2D-90BB-34083FF719F5}.Debug|Any CPU.ActiveCfg = Debug|Any CPU
		{084611EF-7F4A-4B2D-90BB-34083FF719F5}.Debug|Any CPU.Build.0 = Debug|Any CPU
		{084611EF-7F4A-4B2D-90BB-34083FF719F5}.Release|Any CPU.ActiveCfg = Release|Any CPU
		{084611EF-7F4A-4B2D-90BB-34083FF719F5}.Release|Any CPU.Build.0 = Release|Any CPU
		{08C7B3E3-C548-4C2C-B6F2-37A70AC485EF}.Debug|Any CPU.ActiveCfg = Debug|Any CPU
		{08C7B3E3-C548-4C2C-B6F2-37A70AC485EF}.Debug|Any CPU.Build.0 = Debug|Any CPU
		{08C7B3E3-C548-4C2C-B6F2-37A70AC485EF}.Release|Any CPU.ActiveCfg = Release|Any CPU
		{08C7B3E3-C548-4C2C-B6F2-37A70AC485EF}.Release|Any CPU.Build.0 = Release|Any CPU
	EndGlobalSection
	GlobalSection(SolutionProperties) = preSolution
		HideSolutionNode = FALSE
	EndGlobalSection
	GlobalSection(ExtensibilityGlobals) = postSolution
		SolutionGuid = {AB04173B-EA34-4343-96C5-EF215BB4EA7B}
	EndGlobalSection
EndGlobal
